
Microsoft Visual Studio Solution File, Format Version 12.00
# Visual Studio Version 17
VisualStudioVersion = 17.14.36414.22 d17.14
MinimumVisualStudioVersion = 10.0.40219.1
Project("{FAE04EC0-301F-11D3-BF4B-00C04F79EFBC}") = "SystemUdviklingProjekt", "SystemUdviklingProjekt\SystemUdviklingProjekt.csproj", "{66117F1F-5E27-4ECF-B024-0E4BED32FE29}"
EndProject
Global
	GlobalSection(SolutionConfigurationPlatforms) = preSolution
		Debug|Any CPU = Debug|Any CPU
		Release|Any CPU = Release|Any CPU
	EndGlobalSection
	GlobalSection(ProjectConfigurationPlatforms) = postSolution
		{66117F1F-5E27-4ECF-B024-0E4BED32FE29}.Debug|Any CPU.ActiveCfg = Debug|Any CPU
		{66117F1F-5E27-4ECF-B024-0E4BED32FE29}.Debug|Any CPU.Build.0 = Debug|Any CPU
		{66117F1F-5E27-4ECF-B024-0E4BED32FE29}.Release|Any CPU.ActiveCfg = Release|Any CPU
		{66117F1F-5E27-4ECF-B024-0E4BED32FE29}.Release|Any CPU.Build.0 = Release|Any CPU
	EndGlobalSection
	GlobalSection(SolutionProperties) = preSolution
		HideSolutionNode = FALSE
	EndGlobalSection
	GlobalSection(ExtensibilityGlobals) = postSolution
		SolutionGuid = {CED2DA26-E0EF-42A0-B5E5-053EC3121B3F}
	EndGlobalSection
EndGlobal
